
Microsoft Visual Studio Solution File, Format Version 12.00
# Visual Studio Version 17
VisualStudioVersion = 17.13.35828.75 d17.13
MinimumVisualStudioVersion = 10.0.40219.1
Project("{FAE04EC0-301F-11D3-BF4B-00C04F79EFBC}") = "SurveyBasket.API", "SurveyBasket.API\SurveyBasket.API.csproj", "{4343FF33-9A8D-4CFB-B746-92779DE41A53}"
EndProject
Global
	GlobalSection(SolutionConfigurationPlatforms) = preSolution
		Debug|Any CPU = Debug|Any CPU
		Release|Any CPU = Release|Any CPU
	EndGlobalSection
	GlobalSection(ProjectConfigurationPlatforms) = postSolution
		{4343FF33-9A8D-4CFB-B746-92779DE41A53}.Debug|Any CPU.ActiveCfg = Debug|Any CPU
		{4343FF33-9A8D-4CFB-B746-92779DE41A53}.Debug|Any CPU.Build.0 = Debug|Any CPU
		{4343FF33-9A8D-4CFB-B746-92779DE41A53}.Release|Any CPU.ActiveCfg = Release|Any CPU
		{4343FF33-9A8D-4CFB-B746-92779DE41A53}.Release|Any CPU.Build.0 = Release|Any CPU
	EndGlobalSection
	GlobalSection(SolutionProperties) = preSolution
		HideSolutionNode = FALSE
	EndGlobalSection
	GlobalSection(ExtensibilityGlobals) = postSolution
		SolutionGuid = {9CD0B59C-F060-4135-8065-1CBF4A5BCFF3}
	EndGlobalSection
EndGlobal
